
Microsoft Visual Studio Solution File, Format Version 12.00
# Visual Studio Version 17
VisualStudioVersion = 17.10.35013.160
MinimumVisualStudioVersion = 10.0.40219.1
Project("{8BC9CEB8-8B4A-11D0-8D11-00A0C91BC942}") = "Semana2 - Ciclo1", "Semana2 - Ciclo1\Semana2 - Ciclo1.vcxproj", "{914C4ABA-E655-4A6F-9702-0B6F40BDFDCD}"
EndProject
Global
	GlobalSection(SolutionConfigurationPlatforms) = preSolution
		Debug|x64 = Debug|x64
		Debug|x86 = Debug|x86
		Release|x64 = Release|x64
		Release|x86 = Release|x86
	EndGlobalSection
	GlobalSection(ProjectConfigurationPlatforms) = postSolution
		{914C4ABA-E655-4A6F-9702-0B6F40BDFDCD}.Debug|x64.ActiveCfg = Debug|x64
		{914C4ABA-E655-4A6F-9702-0B6F40BDFDCD}.Debug|x64.Build.0 = Debug|x64
		{914C4ABA-E655-4A6F-9702-0B6F40BDFDCD}.Debug|x86.ActiveCfg = Debug|Win32
		{914C4ABA-E655-4A6F-9702-0B6F40BDFDCD}.Debug|x86.Build.0 = Debug|Win32
		{914C4ABA-E655-4A6F-9702-0B6F40BDFDCD}.Release|x64.ActiveCfg = Release|x64
		{914C4ABA-E655-4A6F-9702-0B6F40BDFDCD}.Release|x64.Build.0 = Release|x64
		{914C4ABA-E655-4A6F-9702-0B6F40BDFDCD}.Release|x86.ActiveCfg = Release|Win32
		{914C4ABA-E655-4A6F-9702-0B6F40BDFDCD}.Release|x86.Build.0 = Release|Win32
	EndGlobalSection
	GlobalSection(SolutionProperties) = preSolution
		HideSolutionNode = FALSE
	EndGlobalSection
	GlobalSection(ExtensibilityGlobals) = postSolution
		SolutionGuid = {C4A51ED4-F0F4-4039-9DCB-E79EE2D0F6B0}
	EndGlobalSection
EndGlobal
